
Microsoft Visual Studio Solution File, Format Version 9.00
# Visual Studio 2005
Project("{FAE04EC0-301F-11D3-BF4B-00C04F79EFBC}") = "GoogleEmailUploader.2005", "GoogleEmailUploader\GoogleEmailUploader.2005.csproj", "{C7F8AADA-5CB5-4192-ADF1-66C5A5C7EDFA}"
EndProject
Project("{FAE04EC0-301F-11D3-BF4B-00C04F79EFBC}") = "GEMUTestScript.2005", "GEMUTestScript\GEMUTestScript.2005.csproj", "{3C8221BF-6CA0-443B-80C8-68302A684B75}"
	ProjectSection(ProjectDependencies) = postProject
		{C7F8AADA-5CB5-4192-ADF1-66C5A5C7EDFA} = {C7F8AADA-5CB5-4192-ADF1-66C5A5C7EDFA}
	EndProjectSection
EndProject
Project("{8BC9CEB8-8B4A-11D0-8D11-00A0C91BC942}") = "OutlookClient", "OutlookClient\outlook_client.2005.vcproj", "{868F8FE7-959D-4DD7-AFC5-216021C1F7A1}"
	ProjectSection(ProjectDependencies) = postProject
		{C7F8AADA-5CB5-4192-ADF1-66C5A5C7EDFA} = {C7F8AADA-5CB5-4192-ADF1-66C5A5C7EDFA}
	EndProjectSection
EndProject
Project("{8BC9CEB8-8B4A-11D0-8D11-00A0C91BC942}") = "OutlookExpressClient", "OutlookExpressClient\outlook_express_client.2005.vcproj", "{8FE74E39-0180-439D-BC7F-18BB11EB80D0}"
	ProjectSection(ProjectDependencies) = postProject
		{C7F8AADA-5CB5-4192-ADF1-66C5A5C7EDFA} = {C7F8AADA-5CB5-4192-ADF1-66C5A5C7EDFA}
	EndProjectSection
EndProject
Project("{FAE04EC0-301F-11D3-BF4B-00C04F79EFBC}") = "ThunderbirdClient.2005", "ThunderbirdClient\ThunderbirdClient.2005.csproj", "{A98C1E5A-6AC4-4BDC-8E98-1C4897054D03}"
EndProject
Global
	GlobalSection(SolutionConfigurationPlatforms) = preSolution
		Debug|Any CPU = Debug|Any CPU
		Debug|Mixed Platforms = Debug|Mixed Platforms
		Debug|Win32 = Debug|Win32
		Release|Any CPU = Release|Any CPU
		Release|Mixed Platforms = Release|Mixed Platforms
		Release|Win32 = Release|Win32
	EndGlobalSection
	GlobalSection(ProjectConfigurationPlatforms) = postSolution
		{C7F8AADA-5CB5-4192-ADF1-66C5A5C7EDFA}.Debug|Any CPU.ActiveCfg = Debug|Any CPU
		{C7F8AADA-5CB5-4192-ADF1-66C5A5C7EDFA}.Debug|Any CPU.Build.0 = Debug|Any CPU
		{C7F8AADA-5CB5-4192-ADF1-66C5A5C7EDFA}.Debug|Mixed Platforms.ActiveCfg = Debug|Any CPU
		{C7F8AADA-5CB5-4192-ADF1-66C5A5C7EDFA}.Debug|Mixed Platforms.Build.0 = Debug|Any CPU
		{C7F8AADA-5CB5-4192-ADF1-66C5A5C7EDFA}.Debug|Win32.ActiveCfg = Debug|Any CPU
		{C7F8AADA-5CB5-4192-ADF1-66C5A5C7EDFA}.Release|Any CPU.ActiveCfg = Release|Any CPU
		{C7F8AADA-5CB5-4192-ADF1-66C5A5C7EDFA}.Release|Any CPU.Build.0 = Release|Any CPU
		{C7F8AADA-5CB5-4192-ADF1-66C5A5C7EDFA}.Release|Mixed Platforms.ActiveCfg = Release|Any CPU
		{C7F8AADA-5CB5-4192-ADF1-66C5A5C7EDFA}.Release|Mixed Platforms.Build.0 = Release|Any CPU
		{C7F8AADA-5CB5-4192-ADF1-66C5A5C7EDFA}.Release|Win32.ActiveCfg = Release|Any CPU
		{3C8221BF-6CA0-443B-80C8-68302A684B75}.Debug|Any CPU.ActiveCfg = Debug|Any CPU
		{3C8221BF-6CA0-443B-80C8-68302A684B75}.Debug|Any CPU.Build.0 = Debug|Any CPU
		{3C8221BF-6CA0-443B-80C8-68302A684B75}.Debug|Mixed Platforms.ActiveCfg = Debug|Any CPU
		{3C8221BF-6CA0-443B-80C8-68302A684B75}.Debug|Mixed Platforms.Build.0 = Debug|Any CPU
		{3C8221BF-6CA0-443B-80C8-68302A684B75}.Debug|Win32.ActiveCfg = Debug|Any CPU
		{3C8221BF-6CA0-443B-80C8-68302A684B75}.Release|Any CPU.ActiveCfg = Release|Any CPU
		{3C8221BF-6CA0-443B-80C8-68302A684B75}.Release|Any CPU.Build.0 = Release|Any CPU
		{3C8221BF-6CA0-443B-80C8-68302A684B75}.Release|Mixed Platforms.ActiveCfg = Release|Any CPU
		{3C8221BF-6CA0-443B-80C8-68302A684B75}.Release|Mixed Platforms.Build.0 = Release|Any CPU
		{3C8221BF-6CA0-443B-80C8-68302A684B75}.Release|Win32.ActiveCfg = Release|Any CPU
		{868F8FE7-959D-4DD7-AFC5-216021C1F7A1}.Debug|Any CPU.ActiveCfg = Debug|Win32
		{868F8FE7-959D-4DD7-AFC5-216021C1F7A1}.Debug|Mixed Platforms.ActiveCfg = Debug|Win32
		{868F8FE7-959D-4DD7-AFC5-216021C1F7A1}.Debug|Mixed Platforms.Build.0 = Debug|Win32
		{868F8FE7-959D-4DD7-AFC5-216021C1F7A1}.Debug|Win32.ActiveCfg = Debug|Win32
		{868F8FE7-959D-4DD7-AFC5-216021C1F7A1}.Debug|Win32.Build.0 = Debug|Win32
		{868F8FE7-959D-4DD7-AFC5-216021C1F7A1}.Release|Any CPU.ActiveCfg = Release|Win32
		{868F8FE7-959D-4DD7-AFC5-216021C1F7A1}.Release|Mixed Platforms.ActiveCfg = Release|Win32
		{868F8FE7-959D-4DD7-AFC5-216021C1F7A1}.Release|Mixed Platforms.Build.0 = Release|Win32
		{868F8FE7-959D-4DD7-AFC5-216021C1F7A1}.Release|Win32.ActiveCfg = Release|Win32
		{868F8FE7-959D-4DD7-AFC5-216021C1F7A1}.Release|Win32.Build.0 = Release|Win32
		{8FE74E39-0180-439D-BC7F-18BB11EB80D0}.Debug|Any CPU.ActiveCfg = Debug|Win32
		{8FE74E39-0180-439D-BC7F-18BB11EB80D0}.Debug|Mixed Platforms.ActiveCfg = Debug|Win32
		{8FE74E39-0180-439D-BC7F-18BB11EB80D0}.Debug|Mixed Platforms.Build.0 = Debug|Win32
		{8FE74E39-0180-439D-BC7F-18BB11EB80D0}.Debug|Win32.ActiveCfg = Debug|Win32
		{8FE74E39-0180-439D-BC7F-18BB11EB80D0}.Debug|Win32.Build.0 = Debug|Win32
		{8FE74E39-0180-439D-BC7F-18BB11EB80D0}.Release|Any CPU.ActiveCfg = Release|Win32
		{8FE74E39-0180-439D-BC7F-18BB11EB80D0}.Release|Mixed Platforms.ActiveCfg = Release|Win32
		{8FE74E39-0180-439D-BC7F-18BB11EB80D0}.Release|Mixed Platforms.Build.0 = Release|Win32
		{8FE74E39-0180-439D-BC7F-18BB11EB80D0}.Release|Win32.ActiveCfg = Release|Win32
		{8FE74E39-0180-439D-BC7F-18BB11EB80D0}.Release|Win32.Build.0 = Release|Win32
		{A98C1E5A-6AC4-4BDC-8E98-1C4897054D03}.Debug|Any CPU.ActiveCfg = Debug|Any CPU
		{A98C1E5A-6AC4-4BDC-8E98-1C4897054D03}.Debug|Any CPU.Build.0 = Debug|Any CPU
		{A98C1E5A-6AC4-4BDC-8E98-1C4897054D03}.Debug|Mixed Platforms.ActiveCfg = Debug|Any CPU
		{A98C1E5A-6AC4-4BDC-8E98-1C4897054D03}.Debug|Mixed Platforms.Build.0 = Debug|Any CPU
		{A98C1E5A-6AC4-4BDC-8E98-1C4897054D03}.Debug|Win32.ActiveCfg = Debug|Any CPU
		{A98C1E5A-6AC4-4BDC-8E98-1C4897054D03}.Release|Any CPU.ActiveCfg = Release|Any CPU
		{A98C1E5A-6AC4-4BDC-8E98-1C4897054D03}.Release|Any CPU.Build.0 = Release|Any CPU
		{A98C1E5A-6AC4-4BDC-8E98-1C4897054D03}.Release|Mixed Platforms.ActiveCfg = Release|Any CPU
		{A98C1E5A-6AC4-4BDC-8E98-1C4897054D03}.Release|Mixed Platforms.Build.0 = Release|Any CPU
		{A98C1E5A-6AC4-4BDC-8E98-1C4897054D03}.Release|Win32.ActiveCfg = Release|Any CPU
	EndGlobalSection
	GlobalSection(SolutionProperties) = preSolution
		HideSolutionNode = FALSE
	EndGlobalSection
EndGlobal
